// !$*UTF8*$!
{
	archiveVersion = 1;
	classes = {
	};
	objectVersion = 46;
	objects = {

/* Begin PBXBuildFile section */
		0E8B6EEA91A04FAB95761363 /* SystemConfiguration.framework in Frameworks */ = {isa = PBXBuildFile; fileRef = BAE2718EF4B1433B95D69AD3 /* SystemConfiguration.framework */; };
		1D3623260D0F684500981E51 /* AppDelegate.m in Sources */ = {isa = PBXBuildFile; fileRef = 1D3623250D0F684500981E51 /* AppDelegate.m */; };
		1D60589B0D05DD56006BFB54 /* main.m in Sources */ = {isa = PBXBuildFile; fileRef = 29B97316FDCFA39411CA2CEA /* main.m */; };
		244032160B344556B10D1CD4 /* MessageUI.framework in Frameworks */ = {isa = PBXBuildFile; fileRef = 01048DBF1291430CBEA454F7 /* MessageUI.framework */; };
		288765FD0DF74451002DB57D /* CoreGraphics.framework in Frameworks */ = {isa = PBXBuildFile; fileRef = 288765FC0DF74451002DB57D /* CoreGraphics.framework */; };
		301BF552109A68D80062928A /* libCordova.a in Frameworks */ = {isa = PBXBuildFile; fileRef = 301BF535109A57CC0062928A /* libCordova.a */; };
		302D95F114D2391D003F00A1 /* MainViewController.m in Sources */ = {isa = PBXBuildFile; fileRef = 302D95EF14D2391D003F00A1 /* MainViewController.m */; };
		302D95F214D2391D003F00A1 /* MainViewController.xib in Resources */ = {isa = PBXBuildFile; fileRef = 302D95F014D2391D003F00A1 /* MainViewController.xib */; };
		305D5FD1115AB8F900A74A75 /* MobileCoreServices.framework in Frameworks */ = {isa = PBXBuildFile; fileRef = 305D5FD0115AB8F900A74A75 /* MobileCoreServices.framework */; };
		3088BBBD154F3926009F9C59 /* Default-Landscape@2x~ipad.png in Resources */ = {isa = PBXBuildFile; fileRef = 3088BBB7154F3926009F9C59 /* Default-Landscape@2x~ipad.png */; };
		3088BBBE154F3926009F9C59 /* Default-Landscape~ipad.png in Resources */ = {isa = PBXBuildFile; fileRef = 3088BBB8154F3926009F9C59 /* Default-Landscape~ipad.png */; };
		3088BBBF154F3926009F9C59 /* Default-Portrait@2x~ipad.png in Resources */ = {isa = PBXBuildFile; fileRef = 3088BBB9154F3926009F9C59 /* Default-Portrait@2x~ipad.png */; };
		3088BBC0154F3926009F9C59 /* Default-Portrait~ipad.png in Resources */ = {isa = PBXBuildFile; fileRef = 3088BBBA154F3926009F9C59 /* Default-Portrait~ipad.png */; };
		3088BBC1154F3926009F9C59 /* Default@2x~iphone.png in Resources */ = {isa = PBXBuildFile; fileRef = 3088BBBB154F3926009F9C59 /* Default@2x~iphone.png */; };
		3088BBC2154F3926009F9C59 /* Default~iphone.png in Resources */ = {isa = PBXBuildFile; fileRef = 3088BBBC154F3926009F9C59 /* Default~iphone.png */; };
		308D05371370CCF300D202BF /* icon-72.png in Resources */ = {isa = PBXBuildFile; fileRef = 308D052E1370CCF300D202BF /* icon-72.png */; };
		308D05381370CCF300D202BF /* icon.png in Resources */ = {isa = PBXBuildFile; fileRef = 308D052F1370CCF300D202BF /* icon.png */; };
		308D05391370CCF300D202BF /* icon@2x.png in Resources */ = {isa = PBXBuildFile; fileRef = 308D05301370CCF300D202BF /* icon@2x.png */; };
		30B4F30019D5E07200D9F7D8 /* Default-667h.png in Resources */ = {isa = PBXBuildFile; fileRef = 30B4F2FD19D5E07200D9F7D8 /* Default-667h.png */; };
		30B4F30119D5E07200D9F7D8 /* Default-736h.png in Resources */ = {isa = PBXBuildFile; fileRef = 30B4F2FE19D5E07200D9F7D8 /* Default-736h.png */; };
		30B4F30219D5E07200D9F7D8 /* Default-Landscape-736h.png in Resources */ = {isa = PBXBuildFile; fileRef = 30B4F2FF19D5E07200D9F7D8 /* Default-Landscape-736h.png */; };
		30C1856619D5FC0A00212699 /* icon-60@3x.png in Resources */ = {isa = PBXBuildFile; fileRef = 30C1856519D5FC0A00212699 /* icon-60@3x.png */; };
		30FC414916E50CA1004E6F35 /* icon-72@2x.png in Resources */ = {isa = PBXBuildFile; fileRef = 30FC414816E50CA1004E6F35 /* icon-72@2x.png */; };
		4E887A39AC7F4B3BB28F4694 /* EventKit.framework in Frameworks */ = {isa = PBXBuildFile; fileRef = 8B24776AF78B465E8D9986C8 /* EventKit.framework */; };
		521B2F67D2684C7B81A8A887 /* CDVPluginExt.m in Sources */ = {isa = PBXBuildFile; fileRef = 2FFF12271E404E499A22BAE9 /* CDVPluginExt.m */; };
		5B1594DD16A7569C00FEF299 /* AssetsLibrary.framework in Frameworks */ = {isa = PBXBuildFile; fileRef = 5B1594DC16A7569C00FEF299 /* AssetsLibrary.framework */; };
		60D9A302FEE4452BA82C473F /* libGoogleAdMobAds.a in Frameworks */ = {isa = PBXBuildFile; fileRef = D75E93EE1AD3480092D4B5C0 /* libGoogleAdMobAds.a */; };
		6FFE149E6CA94902BCBDCD15 /* StoreKit.framework in Frameworks */ = {isa = PBXBuildFile; fileRef = E588213B534F4880894E0F4A /* StoreKit.framework */; };
		700F57D81AAC42848A501CBF /* AdSupport.framework in Frameworks */ = {isa = PBXBuildFile; fileRef = 906C5D7C289A4987AB31F10D /* AdSupport.framework */; };
		7B8604A356B74F968305E9B6 /* CDVAdMobPlugin.m in Sources */ = {isa = PBXBuildFile; fileRef = 98FFF5A919D646458AFCBC50 /* CDVAdMobPlugin.m */; };
		7E7966DE1810823500FA85AD /* icon-40.png in Resources */ = {isa = PBXBuildFile; fileRef = 7E7966D41810823500FA85AD /* icon-40.png */; };
		7E7966DF1810823500FA85AD /* icon-40@2x.png in Resources */ = {isa = PBXBuildFile; fileRef = 7E7966D51810823500FA85AD /* icon-40@2x.png */; };
		7E7966E01810823500FA85AD /* icon-50.png in Resources */ = {isa = PBXBuildFile; fileRef = 7E7966D61810823500FA85AD /* icon-50.png */; };
		7E7966E11810823500FA85AD /* icon-50@2x.png in Resources */ = {isa = PBXBuildFile; fileRef = 7E7966D71810823500FA85AD /* icon-50@2x.png */; };
		7E7966E21810823500FA85AD /* icon-60.png in Resources */ = {isa = PBXBuildFile; fileRef = 7E7966D81810823500FA85AD /* icon-60.png */; };
		7E7966E31810823500FA85AD /* icon-60@2x.png in Resources */ = {isa = PBXBuildFile; fileRef = 7E7966D91810823500FA85AD /* icon-60@2x.png */; };
		7E7966E41810823500FA85AD /* icon-76.png in Resources */ = {isa = PBXBuildFile; fileRef = 7E7966DA1810823500FA85AD /* icon-76.png */; };
		7E7966E51810823500FA85AD /* icon-76@2x.png in Resources */ = {isa = PBXBuildFile; fileRef = 7E7966DB1810823500FA85AD /* icon-76@2x.png */; };
		7E7966E61810823500FA85AD /* icon-small.png in Resources */ = {isa = PBXBuildFile; fileRef = 7E7966DC1810823500FA85AD /* icon-small.png */; };
		7E7966E71810823500FA85AD /* icon-small@2x.png in Resources */ = {isa = PBXBuildFile; fileRef = 7E7966DD1810823500FA85AD /* icon-small@2x.png */; };
		811B49A117024897B65C0BB1 /* AudioToolbox.framework in Frameworks */ = {isa = PBXBuildFile; fileRef = 803DB2070CE6452AA709C3F5 /* AudioToolbox.framework */; };
		A661C9BA5B844F65B91637AF /* UIKit.framework in Frameworks */ = {isa = PBXBuildFile; fileRef = 652D8C766C59439A92CB3D00 /* UIKit.framework */; };
		AEB0DA7B5D3C4F53B854402B /* EventKitUI.framework in Frameworks */ = {isa = PBXBuildFile; fileRef = FEA43EB4DAF5407FA3347677 /* EventKitUI.framework */; };
		C792D3C7B0AF441E8A305A09 /* libCordovaGenericAd.a in Frameworks */ = {isa = PBXBuildFile; fileRef = 8671BC4864CE493FA361E4BF /* libCordovaGenericAd.a */; };
		C8AAFC08D28B498F89BAD493 /* AVFoundation.framework in Frameworks */ = {isa = PBXBuildFile; fileRef = F18BDC1D24174187BF69E627 /* AVFoundation.framework */; };
		D344DEBBCD464A5C9E07B709 /* CoreTelephony.framework in Frameworks */ = {isa = PBXBuildFile; fileRef = 1AFFC061EE9749C99D6CB1BE /* CoreTelephony.framework */; };
		D4A0D8761607E02300AEF8BB /* Default-568h@2x~iphone.png in Resources */ = {isa = PBXBuildFile; fileRef = D4A0D8751607E02300AEF8BB /* Default-568h@2x~iphone.png */; };
		DD4A0B261A82F195002EC97A /* Images.xcassets in Resources */ = {isa = PBXBuildFile; fileRef = DD4A0B251A82F195002EC97A /* Images.xcassets */; };
		F12BAE8B449344EEBF6CC054 /* Foundation.framework in Frameworks */ = {isa = PBXBuildFile; fileRef = 1BB08EDC5EEB44FE8E7B45AD /* Foundation.framework */; };
		FA276CAD21544555ABA24205 /* AdMobMediation.m in Sources */ = {isa = PBXBuildFile; fileRef = 433E1F201CE34CD386D82881 /* AdMobMediation.m */; };
/* End PBXBuildFile section */

/* Begin PBXContainerItemProxy section */
		301BF534109A57CC0062928A /* PBXContainerItemProxy */ = {
			isa = PBXContainerItemProxy;
			containerPortal = 301BF52D109A57CC0062928A /* CordovaLib.xcodeproj */;
			proxyType = 2;
			remoteGlobalIDString = D2AAC07E0554694100DB518D;
			remoteInfo = CordovaLib;
		};
		301BF550109A68C00062928A /* PBXContainerItemProxy */ = {
			isa = PBXContainerItemProxy;
			containerPortal = 301BF52D109A57CC0062928A /* CordovaLib.xcodeproj */;
			proxyType = 1;
			remoteGlobalIDString = D2AAC07D0554694100DB518D;
			remoteInfo = CordovaLib;
		};
/* End PBXContainerItemProxy section */

/* Begin PBXFileReference section */
		01048DBF1291430CBEA454F7 /* MessageUI.framework */ = {isa = PBXFileReference; fileEncoding = 4; lastKnownFileType = wrapper.framework; name = MessageUI.framework; path = System/Library/Frameworks/MessageUI.framework; sourceTree = SDKROOT; };
		017C42D0339346CAA7A92364 /* IMNative.h */ = {isa = PBXFileReference; fileEncoding = 4; lastKnownFileType = sourcecode.c.h; name = IMNative.h; path = com.inmobi.sdk/IMNative.h; sourceTree = "<group>"; };
		01AAC86F7AEF42CCA8BDFB1D /* IMConstants.h */ = {isa = PBXFileReference; fileEncoding = 4; lastKnownFileType = sourcecode.c.h; name = IMConstants.h; path = com.inmobi.sdk/IMConstants.h; sourceTree = "<group>"; };
		07041421763B408EB30C6928 /* GADRequestError.h */ = {isa = PBXFileReference; fileEncoding = 4; lastKnownFileType = sourcecode.c.h; name = GADRequestError.h; path = com.google.cordova.admob/GADRequestError.h; sourceTree = "<group>"; };
		0912E8896B2D4300945F1AB1 /* Social.framework */ = {isa = PBXFileReference; fileEncoding = 4; lastKnownFileType = wrapper.framework; name = Social.framework; path = System/Library/Frameworks/Social.framework; sourceTree = SDKROOT; };
		0DEEA0E73671403B9CBF8D74 /* GADModules.h */ = {isa = PBXFileReference; fileEncoding = 4; lastKnownFileType = sourcecode.c.h; name = GADModules.h; path = com.google.cordova.admob/GADModules.h; sourceTree = "<group>"; };
		12693C1FEFA94E178A16F2A1 /* FlurryAds.h */ = {isa = PBXFileReference; fileEncoding = 4; lastKnownFileType = sourcecode.c.h; name = FlurryAds.h; path = com.rjfun.cordova.flurryads/FlurryAds.h; sourceTree = "<group>"; };
		1AFFC061EE9749C99D6CB1BE /* CoreTelephony.framework */ = {isa = PBXFileReference; fileEncoding = 4; lastKnownFileType = wrapper.framework; name = CoreTelephony.framework; path = System/Library/Frameworks/CoreTelephony.framework; sourceTree = SDKROOT; };
		1BB08EDC5EEB44FE8E7B45AD /* Foundation.framework */ = {isa = PBXFileReference; fileEncoding = 4; lastKnownFileType = wrapper.framework; name = Foundation.framework; path = System/Library/Frameworks/Foundation.framework; sourceTree = SDKROOT; };
		1D3623240D0F684500981E51 /* AppDelegate.h */ = {isa = PBXFileReference; fileEncoding = 4; lastKnownFileType = sourcecode.c.h; path = AppDelegate.h; sourceTree = "<group>"; };
		1D3623250D0F684500981E51 /* AppDelegate.m */ = {isa = PBXFileReference; fileEncoding = 4; lastKnownFileType = sourcecode.c.objc; path = AppDelegate.m; sourceTree = "<group>"; };
		1D6058910D05DD3D006BFB54 /* ClimbGen.app */ = {isa = PBXFileReference; explicitFileType = wrapper.application; includeInIndex = 0; path = ClimbGen.app; sourceTree = BUILT_PRODUCTS_DIR; };
		1FB358C923AB4174A746B68E /* mMediaAdPlugin.h */ = {isa = PBXFileReference; fileEncoding = 4; lastKnownFileType = sourcecode.c.h; name = mMediaAdPlugin.h; path = com.rjfun.cordova.mmedia/mMediaAdPlugin.h; sourceTree = "<group>"; };
		288765FC0DF74451002DB57D /* CoreGraphics.framework */ = {isa = PBXFileReference; lastKnownFileType = wrapper.framework; name = CoreGraphics.framework; path = System/Library/Frameworks/CoreGraphics.framework; sourceTree = SDKROOT; };
		29B97316FDCFA39411CA2CEA /* main.m */ = {isa = PBXFileReference; fileEncoding = 4; lastKnownFileType = sourcecode.c.objc; path = main.m; sourceTree = "<group>"; };
		2C4A40A2EC9A4986AB9B3F3A /* GADSearchRequest.h */ = {isa = PBXFileReference; fileEncoding = 4; lastKnownFileType = sourcecode.c.h; name = GADSearchRequest.h; path = com.google.cordova.admob/GADSearchRequest.h; sourceTree = "<group>"; };
		2FFF12271E404E499A22BAE9 /* CDVPluginExt.m */ = {isa = PBXFileReference; fileEncoding = 4; lastKnownFileType = sourcecode.c.objc; name = CDVPluginExt.m; path = com.rjfun.cordova.extension/CDVPluginExt.m; sourceTree = "<group>"; };
		301BF52D109A57CC0062928A /* CordovaLib.xcodeproj */ = {isa = PBXFileReference; lastKnownFileType = "wrapper.pb-project"; name = CordovaLib.xcodeproj; path = CordovaLib/CordovaLib.xcodeproj; sourceTree = "<group>"; };
		301BF56E109A69640062928A /* www */ = {isa = PBXFileReference; lastKnownFileType = folder; path = www; sourceTree = SOURCE_ROOT; };
		302D95EE14D2391D003F00A1 /* MainViewController.h */ = {isa = PBXFileReference; fileEncoding = 4; lastKnownFileType = sourcecode.c.h; path = MainViewController.h; sourceTree = "<group>"; };
		302D95EF14D2391D003F00A1 /* MainViewController.m */ = {isa = PBXFileReference; fileEncoding = 4; lastKnownFileType = sourcecode.c.objc; path = MainViewController.m; sourceTree = "<group>"; };
		302D95F014D2391D003F00A1 /* MainViewController.xib */ = {isa = PBXFileReference; fileEncoding = 4; lastKnownFileType = file.xib; path = MainViewController.xib; sourceTree = "<group>"; };
		305D5FD0115AB8F900A74A75 /* MobileCoreServices.framework */ = {isa = PBXFileReference; lastKnownFileType = wrapper.framework; name = MobileCoreServices.framework; path = System/Library/Frameworks/MobileCoreServices.framework; sourceTree = SDKROOT; };
		3088BBB7154F3926009F9C59 /* Default-Landscape@2x~ipad.png */ = {isa = PBXFileReference; lastKnownFileType = image.png; path = "Default-Landscape@2x~ipad.png"; sourceTree = "<group>"; };
		3088BBB8154F3926009F9C59 /* Default-Landscape~ipad.png */ = {isa = PBXFileReference; lastKnownFileType = image.png; path = "Default-Landscape~ipad.png"; sourceTree = "<group>"; };
		3088BBB9154F3926009F9C59 /* Default-Portrait@2x~ipad.png */ = {isa = PBXFileReference; lastKnownFileType = image.png; path = "Default-Portrait@2x~ipad.png"; sourceTree = "<group>"; };
		3088BBBA154F3926009F9C59 /* Default-Portrait~ipad.png */ = {isa = PBXFileReference; lastKnownFileType = image.png; path = "Default-Portrait~ipad.png"; sourceTree = "<group>"; };
		3088BBBB154F3926009F9C59 /* Default@2x~iphone.png */ = {isa = PBXFileReference; lastKnownFileType = image.png; path = "Default@2x~iphone.png"; sourceTree = "<group>"; };
		3088BBBC154F3926009F9C59 /* Default~iphone.png */ = {isa = PBXFileReference; lastKnownFileType = image.png; path = "Default~iphone.png"; sourceTree = "<group>"; };
		308D052E1370CCF300D202BF /* icon-72.png */ = {isa = PBXFileReference; lastKnownFileType = image.png; path = "icon-72.png"; sourceTree = "<group>"; };
		308D052F1370CCF300D202BF /* icon.png */ = {isa = PBXFileReference; lastKnownFileType = image.png; path = icon.png; sourceTree = "<group>"; };
		308D05301370CCF300D202BF /* icon@2x.png */ = {isa = PBXFileReference; lastKnownFileType = image.png; path = "icon@2x.png"; sourceTree = "<group>"; };
		30B4F2FD19D5E07200D9F7D8 /* Default-667h.png */ = {isa = PBXFileReference; lastKnownFileType = image.png; path = "Default-667h.png"; sourceTree = "<group>"; };
		30B4F2FE19D5E07200D9F7D8 /* Default-736h.png */ = {isa = PBXFileReference; lastKnownFileType = image.png; path = "Default-736h.png"; sourceTree = "<group>"; };
		30B4F2FF19D5E07200D9F7D8 /* Default-Landscape-736h.png */ = {isa = PBXFileReference; lastKnownFileType = image.png; path = "Default-Landscape-736h.png"; sourceTree = "<group>"; };
		30C1856519D5FC0A00212699 /* icon-60@3x.png */ = {isa = PBXFileReference; lastKnownFileType = image.png; path = "icon-60@3x.png"; sourceTree = "<group>"; };
		30FC414816E50CA1004E6F35 /* icon-72@2x.png */ = {isa = PBXFileReference; lastKnownFileType = image.png; path = "icon-72@2x.png"; sourceTree = "<group>"; };
		31C29516CBC3466CAE8E2748 /* GADAdSizeDelegate.h */ = {isa = PBXFileReference; fileEncoding = 4; lastKnownFileType = sourcecode.c.h; name = GADAdSizeDelegate.h; path = com.google.cordova.admob/GADAdSizeDelegate.h; sourceTree = "<group>"; };
		32CA4F630368D1EE00C91783 /* ClimbGen-Prefix.pch */ = {isa = PBXFileReference; fileEncoding = 4; lastKnownFileType = sourcecode.c.h; path = "ClimbGen-Prefix.pch"; sourceTree = "<group>"; };
		3763166546944CADA7EF9E12 /* CFNetwork.framework */ = {isa = PBXFileReference; fileEncoding = 4; lastKnownFileType = wrapper.framework; name = CFNetwork.framework; path = System/Library/Frameworks/CFNetwork.framework; sourceTree = SDKROOT; };
		384FCB3E3DE242A5A0DDC1C6 /* PluginAdapterDelegate.h */ = {isa = PBXFileReference; fileEncoding = 4; lastKnownFileType = sourcecode.c.h; name = PluginAdapterDelegate.h; path = com.rjfun.cordova.extension/PluginAdapterDelegate.h; sourceTree = "<group>"; };
		387CC86CE4B145CC8ED00FD9 /* GADInAppPurchase.h */ = {isa = PBXFileReference; fileEncoding = 4; lastKnownFileType = sourcecode.c.h; name = GADInAppPurchase.h; path = com.google.cordova.admob/GADInAppPurchase.h; sourceTree = "<group>"; };
		3922EE9281534186A3047082 /* MobFoxPlugin.h */ = {isa = PBXFileReference; fileEncoding = 4; lastKnownFileType = sourcecode.c.h; name = MobFoxPlugin.h; path = com.rjfun.cordova.mobfox/MobFoxPlugin.h; sourceTree = "<group>"; };
		3AE3B2B918AC42EDBEAF62B5 /* Security.framework */ = {isa = PBXFileReference; fileEncoding = 4; lastKnownFileType = wrapper.framework; name = Security.framework; path = System/Library/Frameworks/Security.framework; sourceTree = SDKROOT; };
		3B85D747CA5E4FE69871BC06 /* GADBannerViewDelegate.h */ = {isa = PBXFileReference; fileEncoding = 4; lastKnownFileType = sourcecode.c.h; name = GADBannerViewDelegate.h; path = com.google.cordova.admob/GADBannerViewDelegate.h; sourceTree = "<group>"; };
		3C03071A859E4B6EB49A570C /* CoreLocation.framework */ = {isa = PBXFileReference; fileEncoding = 4; lastKnownFileType = wrapper.framework; name = CoreLocation.framework; path = System/Library/Frameworks/CoreLocation.framework; sourceTree = SDKROOT; };
		3DB401AA4947478B86BCCDF6 /* IMError.h */ = {isa = PBXFileReference; fileEncoding = 4; lastKnownFileType = sourcecode.c.h; name = IMError.h; path = com.inmobi.sdk/IMError.h; sourceTree = "<group>"; };
		4036491E313F45629A3050B9 /* Flurry.h */ = {isa = PBXFileReference; fileEncoding = 4; lastKnownFileType = sourcecode.c.h; name = Flurry.h; path = com.rjfun.cordova.flurryads/Flurry.h; sourceTree = "<group>"; };
		433E1F201CE34CD386D82881 /* AdMobMediation.m */ = {isa = PBXFileReference; fileEncoding = 4; lastKnownFileType = sourcecode.c.objc; name = AdMobMediation.m; path = com.google.cordova.admob/AdMobMediation.m; sourceTree = "<group>"; };
		4A6A82CBA51149DF806B7E20 /* FBAudienceNetwork.framework */ = {isa = PBXFileReference; lastKnownFileType = wrapper.framework; name = FBAudienceNetwork.framework; path = ClimbGen/Plugins/com.rjfun.cordova.facebookads/FBAudienceNetwork.framework; sourceTree = "<group>"; };
		4D2A09027C994107B7773422 /* IMBanner.h */ = {isa = PBXFileReference; fileEncoding = 4; lastKnownFileType = sourcecode.c.h; name = IMBanner.h; path = com.inmobi.sdk/IMBanner.h; sourceTree = "<group>"; };
		52BC55E36A794E438F16789C /* GADAppEventDelegate.h */ = {isa = PBXFileReference; fileEncoding = 4; lastKnownFileType = sourcecode.c.h; name = GADAppEventDelegate.h; path = com.google.cordova.admob/GADAppEventDelegate.h; sourceTree = "<group>"; };
		5508ACEF892E48C8A08F5F51 /* DFPBannerView.h */ = {isa = PBXFileReference; fileEncoding = 4; lastKnownFileType = sourcecode.c.h; name = DFPBannerView.h; path = com.google.cordova.admob/DFPBannerView.h; sourceTree = "<group>"; };
		56DCCC930FA6462183DE6EED /* CoreMotion.framework */ = {isa = PBXFileReference; fileEncoding = 4; lastKnownFileType = wrapper.framework; name = CoreMotion.framework; path = System/Library/Frameworks/CoreMotion.framework; sourceTree = SDKROOT; };
		57DBD42F4332496EA7B1FE1E /* FlurryAdPlugin.h */ = {isa = PBXFileReference; fileEncoding = 4; lastKnownFileType = sourcecode.c.h; name = FlurryAdPlugin.h; path = com.rjfun.cordova.flurryads/FlurryAdPlugin.h; sourceTree = "<group>"; };
		5A9D7B0973284719803244BB /* FlurryAdPlugin.m */ = {isa = PBXFileReference; fileEncoding = 4; lastKnownFileType = sourcecode.c.objc; name = FlurryAdPlugin.m; path = com.rjfun.cordova.flurryads/FlurryAdPlugin.m; sourceTree = "<group>"; };
		5B1594DC16A7569C00FEF299 /* AssetsLibrary.framework */ = {isa = PBXFileReference; lastKnownFileType = wrapper.framework; name = AssetsLibrary.framework; path = System/Library/Frameworks/AssetsLibrary.framework; sourceTree = SDKROOT; };
		5D07D0DCD33A4038A8084D55 /* QuartzCore.framework */ = {isa = PBXFileReference; fileEncoding = 4; lastKnownFileType = wrapper.framework; name = QuartzCore.framework; path = System/Library/Frameworks/QuartzCore.framework; sourceTree = SDKROOT; };
		5D0E13C4C64A4B57981CE6FA /* libFlurryAds_5.4.0.a */ = {isa = PBXFileReference; fileEncoding = 4; lastKnownFileType = archive.ar; name = libFlurryAds_5.4.0.a; path = ClimbGen/Plugins/com.rjfun.cordova.flurryads/libFlurryAds_5.4.0.a; sourceTree = "<group>"; };
		5D13A2D17ADA41809430F4C5 /* GADBannerView.h */ = {isa = PBXFileReference; fileEncoding = 4; lastKnownFileType = sourcecode.c.h; name = GADBannerView.h; path = com.google.cordova.admob/GADBannerView.h; sourceTree = "<group>"; };
		652D8C766C59439A92CB3D00 /* UIKit.framework */ = {isa = PBXFileReference; fileEncoding = 4; lastKnownFileType = wrapper.framework; name = UIKit.framework; path = System/Library/Frameworks/UIKit.framework; sourceTree = SDKROOT; };
		6774E488413F443DB5FF3555 /* MobFox.framework */ = {isa = PBXFileReference; lastKnownFileType = wrapper.framework; name = MobFox.framework; path = ClimbGen/Plugins/com.rjfun.cordova.mobfox/MobFox.framework; sourceTree = "<group>"; };
		67B0AC35E87E48CDB974DE26 /* GADAdMobExtras.h */ = {isa = PBXFileReference; fileEncoding = 4; lastKnownFileType = sourcecode.c.h; name = GADAdMobExtras.h; path = com.google.cordova.admob/GADAdMobExtras.h; sourceTree = "<group>"; };
		68BE9BED9D854D19A3005DB9 /* InMobi.h */ = {isa = PBXFileReference; fileEncoding = 4; lastKnownFileType = sourcecode.c.h; name = InMobi.h; path = com.inmobi.sdk/InMobi.h; sourceTree = "<group>"; };
		6C1D14D10F094EE2B998059C /* IMNativeDelegate.h */ = {isa = PBXFileReference; fileEncoding = 4; lastKnownFileType = sourcecode.c.h; name = IMNativeDelegate.h; path = com.inmobi.sdk/IMNativeDelegate.h; sourceTree = "<group>"; };
		6FCFB05A49F04100A33AAD0C /* PassKit.framework */ = {isa = PBXFileReference; fileEncoding = 4; lastKnownFileType = wrapper.framework; name = PassKit.framework; path = System/Library/Frameworks/PassKit.framework; sourceTree = SDKROOT; };
		7989B7D50AB7450D912AAB03 /* IMInterstitialDelegate.h */ = {isa = PBXFileReference; fileEncoding = 4; lastKnownFileType = sourcecode.c.h; name = IMInterstitialDelegate.h; path = com.inmobi.sdk/IMInterstitialDelegate.h; sourceTree = "<group>"; };
		7E02E68AB5AA4C2C8550222C /* SpeechKit.framework */ = {isa = PBXFileReference; lastKnownFileType = wrapper.framework; name = SpeechKit.framework; path = ClimbGen/Plugins/com.rjfun.cordova.mmedia/SpeechKit.framework; sourceTree = "<group>"; };
		7E7264765BBD4FA281BE364A /* MillennialMedia.framework */ = {isa = PBXFileReference; lastKnownFileType = wrapper.framework; name = MillennialMedia.framework; path = ClimbGen/Plugins/com.rjfun.cordova.mmedia/MillennialMedia.framework; sourceTree = "<group>"; };
		7E7966D41810823500FA85AD /* icon-40.png */ = {isa = PBXFileReference; lastKnownFileType = image.png; path = "icon-40.png"; sourceTree = "<group>"; };
		7E7966D51810823500FA85AD /* icon-40@2x.png */ = {isa = PBXFileReference; lastKnownFileType = image.png; path = "icon-40@2x.png"; sourceTree = "<group>"; };
		7E7966D61810823500FA85AD /* icon-50.png */ = {isa = PBXFileReference; lastKnownFileType = image.png; path = "icon-50.png"; sourceTree = "<group>"; };
		7E7966D71810823500FA85AD /* icon-50@2x.png */ = {isa = PBXFileReference; lastKnownFileType = image.png; path = "icon-50@2x.png"; sourceTree = "<group>"; };
		7E7966D81810823500FA85AD /* icon-60.png */ = {isa = PBXFileReference; lastKnownFileType = image.png; path = "icon-60.png"; sourceTree = "<group>"; };
		7E7966D91810823500FA85AD /* icon-60@2x.png */ = {isa = PBXFileReference; lastKnownFileType = image.png; path = "icon-60@2x.png"; sourceTree = "<group>"; };
		7E7966DA1810823500FA85AD /* icon-76.png */ = {isa = PBXFileReference; lastKnownFileType = image.png; path = "icon-76.png"; sourceTree = "<group>"; };
		7E7966DB1810823500FA85AD /* icon-76@2x.png */ = {isa = PBXFileReference; lastKnownFileType = image.png; path = "icon-76@2x.png"; sourceTree = "<group>"; };
		7E7966DC1810823500FA85AD /* icon-small.png */ = {isa = PBXFileReference; lastKnownFileType = image.png; path = "icon-small.png"; sourceTree = "<group>"; };
		7E7966DD1810823500FA85AD /* icon-small@2x.png */ = {isa = PBXFileReference; lastKnownFileType = image.png; path = "icon-small@2x.png"; sourceTree = "<group>"; };
		803DB2070CE6452AA709C3F5 /* AudioToolbox.framework */ = {isa = PBXFileReference; fileEncoding = 4; lastKnownFileType = wrapper.framework; name = AudioToolbox.framework; path = System/Library/Frameworks/AudioToolbox.framework; sourceTree = SDKROOT; };
		82AE8C23738F45BDB0A11DE3 /* FlurryAdDelegate.h */ = {isa = PBXFileReference; fileEncoding = 4; lastKnownFileType = sourcecode.c.h; name = FlurryAdDelegate.h; path = com.rjfun.cordova.flurryads/FlurryAdDelegate.h; sourceTree = "<group>"; };
		836E2141D9EE4A8F9DDE8701 /* GADAdSize.h */ = {isa = PBXFileReference; fileEncoding = 4; lastKnownFileType = sourcecode.c.h; name = GADAdSize.h; path = com.google.cordova.admob/GADAdSize.h; sourceTree = "<group>"; };
		842355286AF2418A82EB808D /* GADCustomEventBanner.h */ = {isa = PBXFileReference; fileEncoding = 4; lastKnownFileType = sourcecode.c.h; name = GADCustomEventBanner.h; path = com.google.cordova.admob/GADCustomEventBanner.h; sourceTree = "<group>"; };
		8671BC4864CE493FA361E4BF /* libCordovaGenericAd.a */ = {isa = PBXFileReference; fileEncoding = 4; lastKnownFileType = archive.ar; name = libCordovaGenericAd.a; path = ClimbGen/Plugins/com.rjfun.cordova.extension/libCordovaGenericAd.a; sourceTree = "<group>"; };
		8B24776AF78B465E8D9986C8 /* EventKit.framework */ = {isa = PBXFileReference; fileEncoding = 4; lastKnownFileType = wrapper.framework; name = EventKit.framework; path = System/Library/Frameworks/EventKit.framework; sourceTree = SDKROOT; };
		8D1107310486CEB800E47090 /* ClimbGen-Info.plist */ = {isa = PBXFileReference; fileEncoding = 4; lastKnownFileType = text.plist.xml; name = "ClimbGen-Info.plist"; path = "../ClimbGen-Info.plist"; plistStructureDefinitionIdentifier = "com.apple.xcode.plist.structure-definition.iphone.info-plist"; sourceTree = "<group>"; };
		906C5D7C289A4987AB31F10D /* AdSupport.framework */ = {isa = PBXFileReference; fileEncoding = 4; lastKnownFileType = wrapper.framework; name = AdSupport.framework; path = System/Library/Frameworks/AdSupport.framework; sourceTree = SDKROOT; };
		933998DFFF9A49A9A4E96E71 /* GADCustomEventInterstitialDelegate.h */ = {isa = PBXFileReference; fileEncoding = 4; lastKnownFileType = sourcecode.c.h; name = GADCustomEventInterstitialDelegate.h; path = com.google.cordova.admob/GADCustomEventInterstitialDelegate.h; sourceTree = "<group>"; };
		97D5D703C6D54B8392FF7C0C /* GADCustomEventInterstitial.h */ = {isa = PBXFileReference; fileEncoding = 4; lastKnownFileType = sourcecode.c.h; name = GADCustomEventInterstitial.h; path = com.google.cordova.admob/GADCustomEventInterstitial.h; sourceTree = "<group>"; };
		9810C519B4C740C5AC2CD470 /* GenericAdPlugin.h */ = {isa = PBXFileReference; fileEncoding = 4; lastKnownFileType = sourcecode.c.h; name = GenericAdPlugin.h; path = com.rjfun.cordova.extension/GenericAdPlugin.h; sourceTree = "<group>"; };
		98FFF5A919D646458AFCBC50 /* CDVAdMobPlugin.m */ = {isa = PBXFileReference; fileEncoding = 4; lastKnownFileType = sourcecode.c.objc; name = CDVAdMobPlugin.m; path = com.google.cordova.admob/CDVAdMobPlugin.m; sourceTree = "<group>"; };
		A0C94C2AF5034189880238B3 /* GADInAppPurchaseDelegate.h */ = {isa = PBXFileReference; fileEncoding = 4; lastKnownFileType = sourcecode.c.h; name = GADInAppPurchaseDelegate.h; path = com.google.cordova.admob/GADInAppPurchaseDelegate.h; sourceTree = "<group>"; };
		A7B4CAFFD6184D298A8EDAF4 /* libsqlite3.0.dylib */ = {isa = PBXFileReference; fileEncoding = 4; lastKnownFileType = "compiled.mach-o.dylib"; name = libsqlite3.0.dylib; path = usr/lib/libsqlite3.0.dylib; sourceTree = SDKROOT; };
		B207E12D30E540139A2EBF60 /* MediaPlayer.framework */ = {isa = PBXFileReference; fileEncoding = 4; lastKnownFileType = wrapper.framework; name = MediaPlayer.framework; path = System/Library/Frameworks/MediaPlayer.framework; sourceTree = SDKROOT; };
		B6FA6B7906D84947AD75131A /* GADRequest.h */ = {isa = PBXFileReference; fileEncoding = 4; lastKnownFileType = sourcecode.c.h; name = GADRequest.h; path = com.google.cordova.admob/GADRequest.h; sourceTree = "<group>"; };
		B9DFDA3F889647B7AE9A6736 /* CDVPluginExt.h */ = {isa = PBXFileReference; fileEncoding = 4; lastKnownFileType = sourcecode.c.h; name = CDVPluginExt.h; path = com.rjfun.cordova.extension/CDVPluginExt.h; sourceTree = "<group>"; };
		BA22AC385A97424AB27B2DA1 /* IMInterstitial.h */ = {isa = PBXFileReference; fileEncoding = 4; lastKnownFileType = sourcecode.c.h; name = IMInterstitial.h; path = com.inmobi.sdk/IMInterstitial.h; sourceTree = "<group>"; };
		BAE2718EF4B1433B95D69AD3 /* SystemConfiguration.framework */ = {isa = PBXFileReference; fileEncoding = 4; lastKnownFileType = wrapper.framework; name = SystemConfiguration.framework; path = System/Library/Frameworks/SystemConfiguration.framework; sourceTree = SDKROOT; };
		BC80B4544FD341EDA444931E /* MobFoxPlugin.m */ = {isa = PBXFileReference; fileEncoding = 4; lastKnownFileType = sourcecode.c.objc; name = MobFoxPlugin.m; path = com.rjfun.cordova.mobfox/MobFoxPlugin.m; sourceTree = "<group>"; };
		BE44F15D1A0D4F6396700529 /* mMediaAdPlugin.m */ = {isa = PBXFileReference; fileEncoding = 4; lastKnownFileType = sourcecode.c.objc; name = mMediaAdPlugin.m; path = com.rjfun.cordova.mmedia/mMediaAdPlugin.m; sourceTree = "<group>"; };
		C3F660DCD5954E65B7A8CC26 /* DFPInterstitial.h */ = {isa = PBXFileReference; fileEncoding = 4; lastKnownFileType = sourcecode.c.h; name = DFPInterstitial.h; path = com.google.cordova.admob/DFPInterstitial.h; sourceTree = "<group>"; };
		C8B000C353584DD0ADE478E8 /* GADCustomEventBannerDelegate.h */ = {isa = PBXFileReference; fileEncoding = 4; lastKnownFileType = sourcecode.c.h; name = GADCustomEventBannerDelegate.h; path = com.google.cordova.admob/GADCustomEventBannerDelegate.h; sourceTree = "<group>"; };
		CBD9271583E14EB199248229 /* GADCustomEventRequest.h */ = {isa = PBXFileReference; fileEncoding = 4; lastKnownFileType = sourcecode.c.h; name = GADCustomEventRequest.h; path = com.google.cordova.admob/GADCustomEventRequest.h; sourceTree = "<group>"; };
		CBF4341881B3469DAC9A98C1 /* GADSearchBannerView.h */ = {isa = PBXFileReference; fileEncoding = 4; lastKnownFileType = sourcecode.c.h; name = GADSearchBannerView.h; path = com.google.cordova.admob/GADSearchBannerView.h; sourceTree = "<group>"; };
		CD8C4B68F1CC43A4AD015EE1 /* GADInterstitialDelegate.h */ = {isa = PBXFileReference; fileEncoding = 4; lastKnownFileType = sourcecode.c.h; name = GADInterstitialDelegate.h; path = com.google.cordova.admob/GADInterstitialDelegate.h; sourceTree = "<group>"; };
		CE03F4A81A0B48CC9FE157C6 /* IMIncentivisedDelegate.h */ = {isa = PBXFileReference; fileEncoding = 4; lastKnownFileType = sourcecode.c.h; name = IMIncentivisedDelegate.h; path = com.inmobi.sdk/IMIncentivisedDelegate.h; sourceTree = "<group>"; };
		D162D1849AA14A91864FBD3E /* GADInterstitial.h */ = {isa = PBXFileReference; fileEncoding = 4; lastKnownFileType = sourcecode.c.h; name = GADInterstitial.h; path = com.google.cordova.admob/GADInterstitial.h; sourceTree = "<group>"; };
		D3878F5EB9FC4A0DB9AC0A41 /* FacebookAdPlugin.h */ = {isa = PBXFileReference; fileEncoding = 4; lastKnownFileType = sourcecode.c.h; name = FacebookAdPlugin.h; path = com.rjfun.cordova.facebookads/FacebookAdPlugin.h; sourceTree = "<group>"; };
		D4A0D8751607E02300AEF8BB /* Default-568h@2x~iphone.png */ = {isa = PBXFileReference; lastKnownFileType = image.png; path = "Default-568h@2x~iphone.png"; sourceTree = "<group>"; };
		D75E93EE1AD3480092D4B5C0 /* libGoogleAdMobAds.a */ = {isa = PBXFileReference; fileEncoding = 4; lastKnownFileType = archive.ar; name = libGoogleAdMobAds.a; path = ClimbGen/Plugins/com.google.cordova.admob/libGoogleAdMobAds.a; sourceTree = "<group>"; };
		D981C08FCA464C45B337A620 /* CDVAdMobPlugin.h */ = {isa = PBXFileReference; fileEncoding = 4; lastKnownFileType = sourcecode.c.h; name = CDVAdMobPlugin.h; path = com.google.cordova.admob/CDVAdMobPlugin.h; sourceTree = "<group>"; };
		DD4A0B251A82F195002EC97A /* Images.xcassets */ = {isa = PBXFileReference; lastKnownFileType = folder.assetcatalog; name = Images.xcassets; path = ClimbGen/Images.xcassets; sourceTree = SOURCE_ROOT; };
		DD6B10457B37448B8F3A5260 /* libz.dylib */ = {isa = PBXFileReference; fileEncoding = 4; lastKnownFileType = "compiled.mach-o.dylib"; name = libz.dylib; path = usr/lib/libz.dylib; sourceTree = SDKROOT; };
		DE17AF47FD8E47D697862073 /* GADAdNetworkExtras.h */ = {isa = PBXFileReference; fileEncoding = 4; lastKnownFileType = sourcecode.c.h; name = GADAdNetworkExtras.h; path = com.google.cordova.admob/GADAdNetworkExtras.h; sourceTree = "<group>"; };
		DFBAB37235144D929BB68BB2 /* GADSwipeableBannerViewDelegate.h */ = {isa = PBXFileReference; fileEncoding = 4; lastKnownFileType = sourcecode.c.h; name = GADSwipeableBannerViewDelegate.h; path = com.google.cordova.admob/GADSwipeableBannerViewDelegate.h; sourceTree = "<group>"; };
		E12A0A8ED6BF455599FCF26D /* libFlurry_5.4.0.a */ = {isa = PBXFileReference; fileEncoding = 4; lastKnownFileType = archive.ar; name = libFlurry_5.4.0.a; path = ClimbGen/Plugins/com.rjfun.cordova.flurryads/libFlurry_5.4.0.a; sourceTree = "<group>"; };
		E4B020F4A3DD4E61B7BC9DDE /* iAd.framework */ = {isa = PBXFileReference; fileEncoding = 4; lastKnownFileType = wrapper.framework; name = iAd.framework; path = System/Library/Frameworks/iAd.framework; sourceTree = SDKROOT; };
		E588213B534F4880894E0F4A /* StoreKit.framework */ = {isa = PBXFileReference; fileEncoding = 4; lastKnownFileType = wrapper.framework; name = StoreKit.framework; path = System/Library/Frameworks/StoreKit.framework; sourceTree = SDKROOT; };
		E971B2E51ABA4D93A2617EC5 /* InMobiAnalytics.h */ = {isa = PBXFileReference; fileEncoding = 4; lastKnownFileType = sourcecode.c.h; name = InMobiAnalytics.h; path = com.inmobi.sdk/InMobiAnalytics.h; sourceTree = "<group>"; };
		EB87FDF21871DA7A0020F90C /* merges */ = {isa = PBXFileReference; lastKnownFileType = folder; name = merges; path = ../../merges; sourceTree = "<group>"; };
		EB87FDF31871DA8E0020F90C /* www */ = {isa = PBXFileReference; lastKnownFileType = folder; name = www; path = ../../www; sourceTree = "<group>"; };
		EB87FDF41871DAF40020F90C /* config.xml */ = {isa = PBXFileReference; lastKnownFileType = text.xml; name = config.xml; path = ../../config.xml; sourceTree = "<group>"; };
		ED07B8599666426FB7AB9B0D /* GADCustomEventExtras.h */ = {isa = PBXFileReference; fileEncoding = 4; lastKnownFileType = sourcecode.c.h; name = GADCustomEventExtras.h; path = com.google.cordova.admob/GADCustomEventExtras.h; sourceTree = "<group>"; };
		F18BDC1D24174187BF69E627 /* AVFoundation.framework */ = {isa = PBXFileReference; fileEncoding = 4; lastKnownFileType = wrapper.framework; name = AVFoundation.framework; path = System/Library/Frameworks/AVFoundation.framework; sourceTree = SDKROOT; };
		F30291CBF663498EB2A17337 /* IMBannerDelegate.h */ = {isa = PBXFileReference; fileEncoding = 4; lastKnownFileType = sourcecode.c.h; name = IMBannerDelegate.h; path = com.inmobi.sdk/IMBannerDelegate.h; sourceTree = "<group>"; };
		F840E1F0165FE0F500CFE078 /* config.xml */ = {isa = PBXFileReference; lastKnownFileType = text.xml; name = config.xml; path = ClimbGen/config.xml; sourceTree = "<group>"; };
		F945728F27C94C298C86F0BC /* DFPSwipeableBannerView.h */ = {isa = PBXFileReference; fileEncoding = 4; lastKnownFileType = sourcecode.c.h; name = DFPSwipeableBannerView.h; path = com.google.cordova.admob/DFPSwipeableBannerView.h; sourceTree = "<group>"; };
		FAB587985DCF463AB2BBD035 /* FacebookAdPlugin.m */ = {isa = PBXFileReference; fileEncoding = 4; lastKnownFileType = sourcecode.c.objc; name = FacebookAdPlugin.m; path = com.rjfun.cordova.facebookads/FacebookAdPlugin.m; sourceTree = "<group>"; };
		FEA43EB4DAF5407FA3347677 /* EventKitUI.framework */ = {isa = PBXFileReference; fileEncoding = 4; lastKnownFileType = wrapper.framework; name = EventKitUI.framework; path = System/Library/Frameworks/EventKitUI.framework; sourceTree = SDKROOT; };
		FF9AD7B0486E487CAEDC4625 /* AdMobMediation.h */ = {isa = PBXFileReference; fileEncoding = 4; lastKnownFileType = sourcecode.c.h; name = AdMobMediation.h; path = com.google.cordova.admob/AdMobMediation.h; sourceTree = "<group>"; };
/* End PBXFileReference section */

/* Begin PBXFrameworksBuildPhase section */
		1D60588F0D05DD3D006BFB54 /* Frameworks */ = {
			isa = PBXFrameworksBuildPhase;
			buildActionMask = 2147483647;
			files = (
				5B1594DD16A7569C00FEF299 /* AssetsLibrary.framework in Frameworks */,
				301BF552109A68D80062928A /* libCordova.a in Frameworks */,
				288765FD0DF74451002DB57D /* CoreGraphics.framework in Frameworks */,
				305D5FD1115AB8F900A74A75 /* MobileCoreServices.framework in Frameworks */,
				C792D3C7B0AF441E8A305A09 /* libCordovaGenericAd.a in Frameworks */,
				60D9A302FEE4452BA82C473F /* libGoogleAdMobAds.a in Frameworks */,
				700F57D81AAC42848A501CBF /* AdSupport.framework in Frameworks */,
				811B49A117024897B65C0BB1 /* AudioToolbox.framework in Frameworks */,
				C8AAFC08D28B498F89BAD493 /* AVFoundation.framework in Frameworks */,
				D344DEBBCD464A5C9E07B709 /* CoreTelephony.framework in Frameworks */,
				4E887A39AC7F4B3BB28F4694 /* EventKit.framework in Frameworks */,
				AEB0DA7B5D3C4F53B854402B /* EventKitUI.framework in Frameworks */,
				F12BAE8B449344EEBF6CC054 /* Foundation.framework in Frameworks */,
				244032160B344556B10D1CD4 /* MessageUI.framework in Frameworks */,
				6FFE149E6CA94902BCBDCD15 /* StoreKit.framework in Frameworks */,
				0E8B6EEA91A04FAB95761363 /* SystemConfiguration.framework in Frameworks */,
				A661C9BA5B844F65B91637AF /* UIKit.framework in Frameworks */,
			);
			runOnlyForDeploymentPostprocessing = 0;
		};
/* End PBXFrameworksBuildPhase section */

/* Begin PBXGroup section */
		080E96DDFE201D6D7F000001 /* Classes */ = {
			isa = PBXGroup;
			children = (
				302D95EE14D2391D003F00A1 /* MainViewController.h */,
				302D95EF14D2391D003F00A1 /* MainViewController.m */,
				302D95F014D2391D003F00A1 /* MainViewController.xib */,
				1D3623240D0F684500981E51 /* AppDelegate.h */,
				1D3623250D0F684500981E51 /* AppDelegate.m */,
			);
			name = Classes;
			path = ClimbGen/Classes;
			sourceTree = SOURCE_ROOT;
		};
		19C28FACFE9D520D11CA2CBB /* Products */ = {
			isa = PBXGroup;
			children = (
				1D6058910D05DD3D006BFB54 /* ClimbGen.app */,
			);
			name = Products;
			sourceTree = "<group>";
		};
		29B97314FDCFA39411CA2CEA /* CustomTemplate */ = {
			isa = PBXGroup;
			children = (
				EB87FDF41871DAF40020F90C /* config.xml */,
				EB87FDF31871DA8E0020F90C /* www */,
				EB87FDF21871DA7A0020F90C /* merges */,
				EB87FDF11871DA420020F90C /* Staging */,
				301BF52D109A57CC0062928A /* CordovaLib.xcodeproj */,
				080E96DDFE201D6D7F000001 /* Classes */,
				307C750510C5A3420062BCA9 /* Plugins */,
				29B97315FDCFA39411CA2CEA /* Other Sources */,
				29B97317FDCFA39411CA2CEA /* Resources */,
				29B97323FDCFA39411CA2CEA /* Frameworks */,
				19C28FACFE9D520D11CA2CBB /* Products */,
			);
			name = CustomTemplate;
			sourceTree = "<group>";
		};
		29B97315FDCFA39411CA2CEA /* Other Sources */ = {
			isa = PBXGroup;
			children = (
				32CA4F630368D1EE00C91783 /* ClimbGen-Prefix.pch */,
				29B97316FDCFA39411CA2CEA /* main.m */,
			);
			name = "Other Sources";
			path = ClimbGen;
			sourceTree = "<group>";
		};
		29B97317FDCFA39411CA2CEA /* Resources */ = {
			isa = PBXGroup;
			children = (
				DD4A0B251A82F195002EC97A /* Images.xcassets */,
				308D052D1370CCF300D202BF /* icons */,
				308D05311370CCF300D202BF /* splash */,
				8D1107310486CEB800E47090 /* ClimbGen-Info.plist */,
			);
			name = Resources;
			path = ClimbGen/Resources;
			sourceTree = "<group>";
		};
		29B97323FDCFA39411CA2CEA /* Frameworks */ = {
			isa = PBXGroup;
			children = (
				5B1594DC16A7569C00FEF299 /* AssetsLibrary.framework */,
				288765FC0DF74451002DB57D /* CoreGraphics.framework */,
				305D5FD0115AB8F900A74A75 /* MobileCoreServices.framework */,
				8671BC4864CE493FA361E4BF /* libCordovaGenericAd.a */,
				D75E93EE1AD3480092D4B5C0 /* libGoogleAdMobAds.a */,
				906C5D7C289A4987AB31F10D /* AdSupport.framework */,
				803DB2070CE6452AA709C3F5 /* AudioToolbox.framework */,
				F18BDC1D24174187BF69E627 /* AVFoundation.framework */,
				1AFFC061EE9749C99D6CB1BE /* CoreTelephony.framework */,
				8B24776AF78B465E8D9986C8 /* EventKit.framework */,
				FEA43EB4DAF5407FA3347677 /* EventKitUI.framework */,
				1BB08EDC5EEB44FE8E7B45AD /* Foundation.framework */,
				01048DBF1291430CBEA454F7 /* MessageUI.framework */,
				E588213B534F4880894E0F4A /* StoreKit.framework */,
				BAE2718EF4B1433B95D69AD3 /* SystemConfiguration.framework */,
				652D8C766C59439A92CB3D00 /* UIKit.framework */,
				4A6A82CBA51149DF806B7E20 /* FBAudienceNetwork.framework */,
				56DCCC930FA6462183DE6EED /* CoreMotion.framework */,
				E12A0A8ED6BF455599FCF26D /* libFlurry_5.4.0.a */,
				5D0E13C4C64A4B57981CE6FA /* libFlurryAds_5.4.0.a */,
				B207E12D30E540139A2EBF60 /* MediaPlayer.framework */,
				3AE3B2B918AC42EDBEAF62B5 /* Security.framework */,
				DD6B10457B37448B8F3A5260 /* libz.dylib */,
				3C03071A859E4B6EB49A570C /* CoreLocation.framework */,
				0912E8896B2D4300945F1AB1 /* Social.framework */,
				A7B4CAFFD6184D298A8EDAF4 /* libsqlite3.0.dylib */,
				7E7264765BBD4FA281BE364A /* MillennialMedia.framework */,
				7E02E68AB5AA4C2C8550222C /* SpeechKit.framework */,
				3763166546944CADA7EF9E12 /* CFNetwork.framework */,
				6FCFB05A49F04100A33AAD0C /* PassKit.framework */,
				5D07D0DCD33A4038A8084D55 /* QuartzCore.framework */,
				6774E488413F443DB5FF3555 /* MobFox.framework */,
				E4B020F4A3DD4E61B7BC9DDE /* iAd.framework */,
			);
			name = Frameworks;
			sourceTree = "<group>";
		};
		301BF52E109A57CC0062928A /* Products */ = {
			isa = PBXGroup;
			children = (
				301BF535109A57CC0062928A /* libCordova.a */,
			);
			name = Products;
			sourceTree = "<group>";
		};
		307C750510C5A3420062BCA9 /* Plugins */ = {
			isa = PBXGroup;
			children = (
				2FFF12271E404E499A22BAE9 /* CDVPluginExt.m */,
				384FCB3E3DE242A5A0DDC1C6 /* PluginAdapterDelegate.h */,
				B9DFDA3F889647B7AE9A6736 /* CDVPluginExt.h */,
				9810C519B4C740C5AC2CD470 /* GenericAdPlugin.h */,
				98FFF5A919D646458AFCBC50 /* CDVAdMobPlugin.m */,
				433E1F201CE34CD386D82881 /* AdMobMediation.m */,
				D981C08FCA464C45B337A620 /* CDVAdMobPlugin.h */,
				FF9AD7B0486E487CAEDC4625 /* AdMobMediation.h */,
				67B0AC35E87E48CDB974DE26 /* GADAdMobExtras.h */,
				DE17AF47FD8E47D697862073 /* GADAdNetworkExtras.h */,
				836E2141D9EE4A8F9DDE8701 /* GADAdSize.h */,
				5D13A2D17ADA41809430F4C5 /* GADBannerView.h */,
				3B85D747CA5E4FE69871BC06 /* GADBannerViewDelegate.h */,
				387CC86CE4B145CC8ED00FD9 /* GADInAppPurchase.h */,
				A0C94C2AF5034189880238B3 /* GADInAppPurchaseDelegate.h */,
				D162D1849AA14A91864FBD3E /* GADInterstitial.h */,
				CD8C4B68F1CC43A4AD015EE1 /* GADInterstitialDelegate.h */,
				0DEEA0E73671403B9CBF8D74 /* GADModules.h */,
				B6FA6B7906D84947AD75131A /* GADRequest.h */,
				07041421763B408EB30C6928 /* GADRequestError.h */,
				5508ACEF892E48C8A08F5F51 /* DFPBannerView.h */,
				C3F660DCD5954E65B7A8CC26 /* DFPInterstitial.h */,
				DFBAB37235144D929BB68BB2 /* GADSwipeableBannerViewDelegate.h */,
				F945728F27C94C298C86F0BC /* DFPSwipeableBannerView.h */,
				52BC55E36A794E438F16789C /* GADAppEventDelegate.h */,
				31C29516CBC3466CAE8E2748 /* GADAdSizeDelegate.h */,
				842355286AF2418A82EB808D /* GADCustomEventBanner.h */,
				C8B000C353584DD0ADE478E8 /* GADCustomEventBannerDelegate.h */,
				97D5D703C6D54B8392FF7C0C /* GADCustomEventInterstitial.h */,
				933998DFFF9A49A9A4E96E71 /* GADCustomEventInterstitialDelegate.h */,
				CBD9271583E14EB199248229 /* GADCustomEventRequest.h */,
				ED07B8599666426FB7AB9B0D /* GADCustomEventExtras.h */,
				CBF4341881B3469DAC9A98C1 /* GADSearchBannerView.h */,
				2C4A40A2EC9A4986AB9B3F3A /* GADSearchRequest.h */,
				FAB587985DCF463AB2BBD035 /* FacebookAdPlugin.m */,
				D3878F5EB9FC4A0DB9AC0A41 /* FacebookAdPlugin.h */,
				5A9D7B0973284719803244BB /* FlurryAdPlugin.m */,
				57DBD42F4332496EA7B1FE1E /* FlurryAdPlugin.h */,
				4036491E313F45629A3050B9 /* Flurry.h */,
				12693C1FEFA94E178A16F2A1 /* FlurryAds.h */,
				82AE8C23738F45BDB0A11DE3 /* FlurryAdDelegate.h */,
				68BE9BED9D854D19A3005DB9 /* InMobi.h */,
				E971B2E51ABA4D93A2617EC5 /* InMobiAnalytics.h */,
				01AAC86F7AEF42CCA8BDFB1D /* IMConstants.h */,
				4D2A09027C994107B7773422 /* IMBanner.h */,
				F30291CBF663498EB2A17337 /* IMBannerDelegate.h */,
				3DB401AA4947478B86BCCDF6 /* IMError.h */,
				7989B7D50AB7450D912AAB03 /* IMInterstitialDelegate.h */,
				BA22AC385A97424AB27B2DA1 /* IMInterstitial.h */,
				CE03F4A81A0B48CC9FE157C6 /* IMIncentivisedDelegate.h */,
				017C42D0339346CAA7A92364 /* IMNative.h */,
				6C1D14D10F094EE2B998059C /* IMNativeDelegate.h */,
				BE44F15D1A0D4F6396700529 /* mMediaAdPlugin.m */,
				1FB358C923AB4174A746B68E /* mMediaAdPlugin.h */,
				BC80B4544FD341EDA444931E /* MobFoxPlugin.m */,
				3922EE9281534186A3047082 /* MobFoxPlugin.h */,
			);
			name = Plugins;
			path = ClimbGen/Plugins;
			sourceTree = SOURCE_ROOT;
		};
		308D052D1370CCF300D202BF /* icons */ = {
			isa = PBXGroup;
			children = (
				30C1856519D5FC0A00212699 /* icon-60@3x.png */,
				7E7966D41810823500FA85AD /* icon-40.png */,
				7E7966D51810823500FA85AD /* icon-40@2x.png */,
				7E7966D61810823500FA85AD /* icon-50.png */,
				7E7966D71810823500FA85AD /* icon-50@2x.png */,
				7E7966D81810823500FA85AD /* icon-60.png */,
				7E7966D91810823500FA85AD /* icon-60@2x.png */,
				7E7966DA1810823500FA85AD /* icon-76.png */,
				7E7966DB1810823500FA85AD /* icon-76@2x.png */,
				7E7966DC1810823500FA85AD /* icon-small.png */,
				7E7966DD1810823500FA85AD /* icon-small@2x.png */,
				30FC414816E50CA1004E6F35 /* icon-72@2x.png */,
				308D052E1370CCF300D202BF /* icon-72.png */,
				308D052F1370CCF300D202BF /* icon.png */,
				308D05301370CCF300D202BF /* icon@2x.png */,
			);
			path = icons;
			sourceTree = "<group>";
		};
		308D05311370CCF300D202BF /* splash */ = {
			isa = PBXGroup;
			children = (
				30B4F2FD19D5E07200D9F7D8 /* Default-667h.png */,
				30B4F2FE19D5E07200D9F7D8 /* Default-736h.png */,
				30B4F2FF19D5E07200D9F7D8 /* Default-Landscape-736h.png */,
				D4A0D8751607E02300AEF8BB /* Default-568h@2x~iphone.png */,
				3088BBB7154F3926009F9C59 /* Default-Landscape@2x~ipad.png */,
				3088BBB8154F3926009F9C59 /* Default-Landscape~ipad.png */,
				3088BBB9154F3926009F9C59 /* Default-Portrait@2x~ipad.png */,
				3088BBBA154F3926009F9C59 /* Default-Portrait~ipad.png */,
				3088BBBB154F3926009F9C59 /* Default@2x~iphone.png */,
				3088BBBC154F3926009F9C59 /* Default~iphone.png */,
			);
			path = splash;
			sourceTree = "<group>";
		};
		EB87FDF11871DA420020F90C /* Staging */ = {
			isa = PBXGroup;
			children = (
				F840E1F0165FE0F500CFE078 /* config.xml */,
				301BF56E109A69640062928A /* www */,
			);
			name = Staging;
			sourceTree = "<group>";
		};
/* End PBXGroup section */

/* Begin PBXNativeTarget section */
		1D6058900D05DD3D006BFB54 /* ClimbGen */ = {
			isa = PBXNativeTarget;
			buildConfigurationList = 1D6058960D05DD3E006BFB54 /* Build configuration list for PBXNativeTarget "ClimbGen" */;
			buildPhases = (
				304B58A110DAC018002A0835 /* Copy www directory */,
				1D60588D0D05DD3D006BFB54 /* Resources */,
				1D60588E0D05DD3D006BFB54 /* Sources */,
				1D60588F0D05DD3D006BFB54 /* Frameworks */,
			);
			buildRules = (
			);
			dependencies = (
				301BF551109A68C00062928A /* PBXTargetDependency */,
			);
			name = ClimbGen;
			productName = ClimbGen;
			productReference = 1D6058910D05DD3D006BFB54 /* ClimbGen.app */;
			productType = "com.apple.product-type.application";
		};
/* End PBXNativeTarget section */

/* Begin PBXProject section */
		29B97313FDCFA39411CA2CEA /* Project object */ = {
			isa = PBXProject;
			attributes = {
				LastUpgradeCheck = 510;
				TargetAttributes = {
					1D6058900D05DD3D006BFB54 = {
						DevelopmentTeam = 295AQHVL3J;
					};
				};
			};
			buildConfigurationList = C01FCF4E08A954540054247B /* Build configuration list for PBXProject "ClimbGen" */;
			compatibilityVersion = "Xcode 3.2";
			developmentRegion = English;
			hasScannedForEncodings = 1;
			knownRegions = (
				English,
				Japanese,
				French,
				German,
				en,
				es,
				de,
				se,
			);
			mainGroup = 29B97314FDCFA39411CA2CEA /* CustomTemplate */;
			projectDirPath = "";
			projectReferences = (
				{
					ProductGroup = 301BF52E109A57CC0062928A /* Products */;
					ProjectRef = 301BF52D109A57CC0062928A /* CordovaLib.xcodeproj */;
				},
			);
			projectRoot = "";
			targets = (
				1D6058900D05DD3D006BFB54 /* ClimbGen */,
			);
		};
/* End PBXProject section */

/* Begin PBXReferenceProxy section */
		301BF535109A57CC0062928A /* libCordova.a */ = {
			isa = PBXReferenceProxy;
			fileType = archive.ar;
			path = libCordova.a;
			remoteRef = 301BF534109A57CC0062928A /* PBXContainerItemProxy */;
			sourceTree = BUILT_PRODUCTS_DIR;
		};
/* End PBXReferenceProxy section */

/* Begin PBXResourcesBuildPhase section */
		1D60588D0D05DD3D006BFB54 /* Resources */ = {
			isa = PBXResourcesBuildPhase;
			buildActionMask = 2147483647;
			files = (
				7E7966E41810823500FA85AD /* icon-76.png in Resources */,
				7E7966DF1810823500FA85AD /* icon-40@2x.png in Resources */,
				308D05371370CCF300D202BF /* icon-72.png in Resources */,
				30B4F30119D5E07200D9F7D8 /* Default-736h.png in Resources */,
				308D05381370CCF300D202BF /* icon.png in Resources */,
				308D05391370CCF300D202BF /* icon@2x.png in Resources */,
				302D95F214D2391D003F00A1 /* MainViewController.xib in Resources */,
				7E7966E01810823500FA85AD /* icon-50.png in Resources */,
				7E7966E31810823500FA85AD /* icon-60@2x.png in Resources */,
				DD4A0B261A82F195002EC97A /* Images.xcassets in Resources */,
				7E7966E61810823500FA85AD /* icon-small.png in Resources */,
				3088BBBD154F3926009F9C59 /* Default-Landscape@2x~ipad.png in Resources */,
				3088BBBE154F3926009F9C59 /* Default-Landscape~ipad.png in Resources */,
				3088BBBF154F3926009F9C59 /* Default-Portrait@2x~ipad.png in Resources */,
				7E7966E71810823500FA85AD /* icon-small@2x.png in Resources */,
				3088BBC0154F3926009F9C59 /* Default-Portrait~ipad.png in Resources */,
				30B4F30019D5E07200D9F7D8 /* Default-667h.png in Resources */,
				7E7966DE1810823500FA85AD /* icon-40.png in Resources */,
				3088BBC1154F3926009F9C59 /* Default@2x~iphone.png in Resources */,
				7E7966E21810823500FA85AD /* icon-60.png in Resources */,
				3088BBC2154F3926009F9C59 /* Default~iphone.png in Resources */,
				D4A0D8761607E02300AEF8BB /* Default-568h@2x~iphone.png in Resources */,
				30B4F30219D5E07200D9F7D8 /* Default-Landscape-736h.png in Resources */,
				30C1856619D5FC0A00212699 /* icon-60@3x.png in Resources */,
				7E7966E11810823500FA85AD /* icon-50@2x.png in Resources */,
				7E7966E51810823500FA85AD /* icon-76@2x.png in Resources */,
				30FC414916E50CA1004E6F35 /* icon-72@2x.png in Resources */,
			);
			runOnlyForDeploymentPostprocessing = 0;
		};
/* End PBXResourcesBuildPhase section */

/* Begin PBXShellScriptBuildPhase section */
		304B58A110DAC018002A0835 /* Copy www directory */ = {
			isa = PBXShellScriptBuildPhase;
			buildActionMask = 2147483647;
			files = (
			);
			inputPaths = (
			);
			name = "Copy www directory";
			outputPaths = (
			);
			runOnlyForDeploymentPostprocessing = 0;
			shellPath = /bin/sh;
			shellScript = "cordova/lib/copy-www-build-step.sh";
			showEnvVarsInLog = 0;
		};
/* End PBXShellScriptBuildPhase section */

/* Begin PBXSourcesBuildPhase section */
		1D60588E0D05DD3D006BFB54 /* Sources */ = {
			isa = PBXSourcesBuildPhase;
			buildActionMask = 2147483647;
			files = (
				1D60589B0D05DD56006BFB54 /* main.m in Sources */,
				1D3623260D0F684500981E51 /* AppDelegate.m in Sources */,
				302D95F114D2391D003F00A1 /* MainViewController.m in Sources */,
				521B2F67D2684C7B81A8A887 /* CDVPluginExt.m in Sources */,
				7B8604A356B74F968305E9B6 /* CDVAdMobPlugin.m in Sources */,
				FA276CAD21544555ABA24205 /* AdMobMediation.m in Sources */,
			);
			runOnlyForDeploymentPostprocessing = 0;
		};
/* End PBXSourcesBuildPhase section */

/* Begin PBXTargetDependency section */
		301BF551109A68C00062928A /* PBXTargetDependency */ = {
			isa = PBXTargetDependency;
			name = CordovaLib;
			targetProxy = 301BF550109A68C00062928A /* PBXContainerItemProxy */;
		};
/* End PBXTargetDependency section */

/* Begin XCBuildConfiguration section */
		1D6058940D05DD3E006BFB54 /* Debug */ = {
			isa = XCBuildConfiguration;
			buildSettings = {
				ALWAYS_SEARCH_USER_PATHS = NO;
				ASSETCATALOG_COMPILER_APPICON_NAME = AppIcon;
				ASSETCATALOG_COMPILER_LAUNCHIMAGE_NAME = LaunchImage;
				CLANG_ENABLE_OBJC_ARC = YES;
				CODE_SIGN_IDENTITY = "iPhone Developer";
				"CODE_SIGN_IDENTITY[sdk=iphoneos*]" = "iPhone Developer";
				COPY_PHASE_STRIP = NO;
				FRAMEWORK_SEARCH_PATHS = (
					"$(inherited)",
					"\"ClimbGen/Plugins/com.rjfun.cordova.facebookads\"",
					"\"ClimbGen/Plugins/com.rjfun.cordova.mmedia\"",
					"\"ClimbGen/Plugins/com.rjfun.cordova.mmedia\"",
					"\"ClimbGen/Plugins/com.rjfun.cordova.mobfox\"",
				);
				GCC_DYNAMIC_NO_PIC = NO;
				GCC_OPTIMIZATION_LEVEL = 0;
				GCC_PRECOMPILE_PREFIX_HEADER = YES;
				GCC_PREFIX_HEADER = "ClimbGen/ClimbGen-Prefix.pch";
				GCC_THUMB_SUPPORT = NO;
				GCC_VERSION = "";
				INFOPLIST_FILE = "ClimbGen/ClimbGen-Info.plist";
				IPHONEOS_DEPLOYMENT_TARGET = 7.0;
				LIBRARY_SEARCH_PATHS = (
					"$(inherited)",
					"\"$(SRCROOT)/ClimbGen/Plugins/com.rjfun.cordova.extension\"",
					"\"$(SRCROOT)/ClimbGen/Plugins/com.google.cordova.admob\"",
				);
				OTHER_LDFLAGS = (
					"-weak_framework",
					CoreFoundation,
					"-weak_framework",
					UIKit,
					"-weak_framework",
					AVFoundation,
					"-weak_framework",
					CoreMedia,
					"-weak-lSystem",
					"-ObjC",
				);
				PRODUCT_NAME = ClimbGen;
				PROVISIONING_PROFILE = "";
				TARGETED_DEVICE_FAMILY = "1,2";
			};
			name = Debug;
		};
		1D6058950D05DD3E006BFB54 /* Release */ = {
			isa = XCBuildConfiguration;
			buildSettings = {
				ALWAYS_SEARCH_USER_PATHS = NO;
				ASSETCATALOG_COMPILER_APPICON_NAME = AppIcon;
				ASSETCATALOG_COMPILER_LAUNCHIMAGE_NAME = LaunchImage;
				CLANG_ENABLE_OBJC_ARC = YES;
				CODE_SIGN_IDENTITY = "iPhone Developer";
				"CODE_SIGN_IDENTITY[sdk=iphoneos*]" = "iPhone Developer";
				COPY_PHASE_STRIP = YES;
				FRAMEWORK_SEARCH_PATHS = (
					"$(inherited)",
					"\"ClimbGen/Plugins/com.rjfun.cordova.facebookads\"",
					"\"ClimbGen/Plugins/com.rjfun.cordova.mmedia\"",
					"\"ClimbGen/Plugins/com.rjfun.cordova.mmedia\"",
					"\"ClimbGen/Plugins/com.rjfun.cordova.mobfox\"",
				);
				GCC_PRECOMPILE_PREFIX_HEADER = YES;
				GCC_PREFIX_HEADER = "ClimbGen/ClimbGen-Prefix.pch";
				GCC_THUMB_SUPPORT = NO;
				GCC_VERSION = "";
				INFOPLIST_FILE = "ClimbGen/ClimbGen-Info.plist";
				IPHONEOS_DEPLOYMENT_TARGET = 7.0;
				LIBRARY_SEARCH_PATHS = (
					"$(inherited)",
					"\"$(SRCROOT)/ClimbGen/Plugins/com.rjfun.cordova.extension\"",
					"\"$(SRCROOT)/ClimbGen/Plugins/com.google.cordova.admob\"",
				);
				OTHER_LDFLAGS = (
					"-weak_framework",
					CoreFoundation,
					"-weak_framework",
					UIKit,
					"-weak_framework",
					AVFoundation,
					"-weak_framework",
					CoreMedia,
					"-weak-lSystem",
					"-ObjC",
				);
				PRODUCT_NAME = ClimbGen;
				PROVISIONING_PROFILE = "";
				TARGETED_DEVICE_FAMILY = "1,2";
			};
			name = Release;
		};
		C01FCF4F08A954540054247B /* Debug */ = {
			isa = XCBuildConfiguration;
			buildSettings = {
				CLANG_ENABLE_OBJC_ARC = YES;
				CLANG_WARN_BOOL_CONVERSION = YES;
				CLANG_WARN_CONSTANT_CONVERSION = YES;
				CLANG_WARN_EMPTY_BODY = YES;
				CLANG_WARN_ENUM_CONVERSION = YES;
				CLANG_WARN_INT_CONVERSION = YES;
				CLANG_WARN__DUPLICATE_METHOD_MATCH = YES;
				"CODE_SIGN_IDENTITY[sdk=iphoneos*]" = "iPhone Developer";
				GCC_C_LANGUAGE_STANDARD = c99;
				GCC_THUMB_SUPPORT = NO;
				GCC_VERSION = "";
				GCC_WARN_ABOUT_RETURN_TYPE = YES;
				GCC_WARN_UNDECLARED_SELECTOR = YES;
				GCC_WARN_UNINITIALIZED_AUTOS = YES;
				GCC_WARN_UNUSED_FUNCTION = YES;
				GCC_WARN_UNUSED_VARIABLE = YES;
				HEADER_SEARCH_PATHS = (
					"\"$(TARGET_BUILD_DIR)/usr/local/lib/include\"",
					"\"$(OBJROOT)/UninstalledProducts/include\"",
					"\"$(BUILT_PRODUCTS_DIR)\"",
				);
				IPHONEOS_DEPLOYMENT_TARGET = 7.0;
				ONLY_ACTIVE_ARCH = YES;
				OTHER_LDFLAGS = (
					"-weak_framework",
					CoreFoundation,
					"-weak_framework",
					UIKit,
					"-weak_framework",
					AVFoundation,
					"-weak_framework",
					CoreMedia,
					"-weak-lSystem",
					"-ObjC",
				);
				SDKROOT = iphoneos;
				SKIP_INSTALL = NO;
				USER_HEADER_SEARCH_PATHS = "";
			};
			name = Debug;
		};
		C01FCF5008A954540054247B /* Release */ = {
			isa = XCBuildConfiguration;
			buildSettings = {
				CLANG_ENABLE_OBJC_ARC = YES;
				CLANG_WARN_BOOL_CONVERSION = YES;
				CLANG_WARN_CONSTANT_CONVERSION = YES;
				CLANG_WARN_EMPTY_BODY = YES;
				CLANG_WARN_ENUM_CONVERSION = YES;
				CLANG_WARN_INT_CONVERSION = YES;
				CLANG_WARN__DUPLICATE_METHOD_MATCH = YES;
				"CODE_SIGN_IDENTITY[sdk=iphoneos*]" = "iPhone Developer";
				GCC_C_LANGUAGE_STANDARD = c99;
				GCC_THUMB_SUPPORT = NO;
				GCC_VERSION = "";
				GCC_WARN_ABOUT_RETURN_TYPE = YES;
				GCC_WARN_UNDECLARED_SELECTOR = YES;
				GCC_WARN_UNINITIALIZED_AUTOS = YES;
				GCC_WARN_UNUSED_FUNCTION = YES;
				GCC_WARN_UNUSED_VARIABLE = YES;
				HEADER_SEARCH_PATHS = (
					"\"$(TARGET_BUILD_DIR)/usr/local/lib/include\"",
					"\"$(OBJROOT)/UninstalledProducts/include\"",
					"\"$(BUILT_PRODUCTS_DIR)\"",
				);
				IPHONEOS_DEPLOYMENT_TARGET = 7.0;
				OTHER_LDFLAGS = (
					"-weak_framework",
					CoreFoundation,
					"-weak_framework",
					UIKit,
					"-weak_framework",
					AVFoundation,
					"-weak_framework",
					CoreMedia,
					"-weak-lSystem",
					"-ObjC",
				);
				SDKROOT = iphoneos;
				SKIP_INSTALL = NO;
				USER_HEADER_SEARCH_PATHS = "";
			};
			name = Release;
		};
/* End XCBuildConfiguration section */

/* Begin XCConfigurationList section */
		1D6058960D05DD3E006BFB54 /* Build configuration list for PBXNativeTarget "ClimbGen" */ = {
			isa = XCConfigurationList;
			buildConfigurations = (
				1D6058940D05DD3E006BFB54 /* Debug */,
				1D6058950D05DD3E006BFB54 /* Release */,
			);
			defaultConfigurationIsVisible = 0;
			defaultConfigurationName = Release;
		};
		C01FCF4E08A954540054247B /* Build configuration list for PBXProject "ClimbGen" */ = {
			isa = XCConfigurationList;
			buildConfigurations = (
				C01FCF4F08A954540054247B /* Debug */,
				C01FCF5008A954540054247B /* Release */,
			);
			defaultConfigurationIsVisible = 0;
			defaultConfigurationName = Release;
		};
/* End XCConfigurationList section */
	};
	rootObject = 29B97313FDCFA39411CA2CEA /* Project object */;
}
